// !$*UTF8*$!
{
	archiveVersion = 1;
	classes = {
	};
	objectVersion = 46;
	objects = {

/* Begin PBXBuildFile section */
		4C1221421C4A783D00EF235A /* AppDelegate.swift in Sources */ = {isa = PBXBuildFile; fileRef = 4C1221411C4A783D00EF235A /* AppDelegate.swift */; };
		4C1221441C4A783D00EF235A /* ViewController.swift in Sources */ = {isa = PBXBuildFile; fileRef = 4C1221431C4A783D00EF235A /* ViewController.swift */; };
		4C1221471C4A783D00EF235A /* Main.storyboard in Resources */ = {isa = PBXBuildFile; fileRef = 4C1221451C4A783D00EF235A /* Main.storyboard */; };
		4C12214A1C4A783D00EF235A /* SocialApp.xcdatamodeld in Sources */ = {isa = PBXBuildFile; fileRef = 4C1221481C4A783D00EF235A /* SocialApp.xcdatamodeld */; };
		4C12214C1C4A783D00EF235A /* Assets.xcassets in Resources */ = {isa = PBXBuildFile; fileRef = 4C12214B1C4A783D00EF235A /* Assets.xcassets */; };
		4C12214F1C4A783D00EF235A /* LaunchScreen.storyboard in Resources */ = {isa = PBXBuildFile; fileRef = 4C12214D1C4A783D00EF235A /* LaunchScreen.storyboard */; };
		4C12215A1C4A783E00EF235A /* SocialAppTests.swift in Sources */ = {isa = PBXBuildFile; fileRef = 4C1221591C4A783E00EF235A /* SocialAppTests.swift */; };
		4C1221651C4A783E00EF235A /* SocialAppUITests.swift in Sources */ = {isa = PBXBuildFile; fileRef = 4C1221641C4A783E00EF235A /* SocialAppUITests.swift */; };
/* End PBXBuildFile section */

/* Begin PBXContainerItemProxy section */
		4C1221561C4A783E00EF235A /* PBXContainerItemProxy */ = {
			isa = PBXContainerItemProxy;
			containerPortal = 4C1221361C4A783D00EF235A /* Project object */;
			proxyType = 1;
			remoteGlobalIDString = 4C12213D1C4A783D00EF235A;
			remoteInfo = SocialApp;
		};
		4C1221611C4A783E00EF235A /* PBXContainerItemProxy */ = {
			isa = PBXContainerItemProxy;
			containerPortal = 4C1221361C4A783D00EF235A /* Project object */;
			proxyType = 1;
			remoteGlobalIDString = 4C12213D1C4A783D00EF235A;
			remoteInfo = SocialApp;
		};
/* End PBXContainerItemProxy section */

/* Begin PBXFileReference section */
		4C12213E1C4A783D00EF235A /* SocialApp.app */ = {isa = PBXFileReference; explicitFileType = wrapper.application; includeInIndex = 0; path = SocialApp.app; sourceTree = BUILT_PRODUCTS_DIR; };
		4C1221411C4A783D00EF235A /* AppDelegate.swift */ = {isa = PBXFileReference; lastKnownFileType = sourcecode.swift; path = AppDelegate.swift; sourceTree = "<group>"; };
		4C1221431C4A783D00EF235A /* ViewController.swift */ = {isa = PBXFileReference; lastKnownFileType = sourcecode.swift; path = ViewController.swift; sourceTree = "<group>"; };
		4C1221461C4A783D00EF235A /* Base */ = {isa = PBXFileReference; lastKnownFileType = file.storyboard; name = Base; path = Base.lproj/Main.storyboard; sourceTree = "<group>"; };
		4C1221491C4A783D00EF235A /* SocialApp.xcdatamodel */ = {isa = PBXFileReference; lastKnownFileType = wrapper.xcdatamodel; path = SocialApp.xcdatamodel; sourceTree = "<group>"; };
		4C12214B1C4A783D00EF235A /* Assets.xcassets */ = {isa = PBXFileReference; lastKnownFileType = folder.assetcatalog; path = Assets.xcassets; sourceTree = "<group>"; };
		4C12214E1C4A783D00EF235A /* Base */ = {isa = PBXFileReference; lastKnownFileType = file.storyboard; name = Base; path = Base.lproj/LaunchScreen.storyboard; sourceTree = "<group>"; };
		4C1221501C4A783D00EF235A /* Info.plist */ = {isa = PBXFileReference; lastKnownFileType = text.plist.xml; path = Info.plist; sourceTree = "<group>"; };
		4C1221551C4A783E00EF235A /* SocialAppTests.xctest */ = {isa = PBXFileReference; explicitFileType = wrapper.cfbundle; includeInIndex = 0; path = SocialAppTests.xctest; sourceTree = BUILT_PRODUCTS_DIR; };
		4C1221591C4A783E00EF235A /* SocialAppTests.swift */ = {isa = PBXFileReference; lastKnownFileType = sourcecode.swift; path = SocialAppTests.swift; sourceTree = "<group>"; };
		4C12215B1C4A783E00EF235A /* Info.plist */ = {isa = PBXFileReference; lastKnownFileType = text.plist.xml; path = Info.plist; sourceTree = "<group>"; };
		4C1221601C4A783E00EF235A /* SocialAppUITests.xctest */ = {isa = PBXFileReference; explicitFileType = wrapper.cfbundle; includeInIndex = 0; path = SocialAppUITests.xctest; sourceTree = BUILT_PRODUCTS_DIR; };
		4C1221641C4A783E00EF235A /* SocialAppUITests.swift */ = {isa = PBXFileReference; lastKnownFileType = sourcecode.swift; path = SocialAppUITests.swift; sourceTree = "<group>"; };
		4C1221661C4A783E00EF235A /* Info.plist */ = {isa = PBXFileReference; lastKnownFileType = text.plist.xml; path = Info.plist; sourceTree = "<group>"; };
/* End PBXFileReference section */

/* Begin PBXFrameworksBuildPhase section */
		4C12213B1C4A783D00EF235A /* Frameworks */ = {
			isa = PBXFrameworksBuildPhase;
			buildActionMask = 2147483647;
			files = (
			);
			runOnlyForDeploymentPostprocessing = 0;
		};
		4C1221521C4A783E00EF235A /* Frameworks */ = {
			isa = PBXFrameworksBuildPhase;
			buildActionMask = 2147483647;
			files = (
			);
			runOnlyForDeploymentPostprocessing = 0;
		};
		4C12215D1C4A783E00EF235A /* Frameworks */ = {
			isa = PBXFrameworksBuildPhase;
			buildActionMask = 2147483647;
			files = (
			);
			runOnlyForDeploymentPostprocessing = 0;
		};
/* End PBXFrameworksBuildPhase section */

/* Begin PBXGroup section */
		4C1221351C4A783D00EF235A = {
			isa = PBXGroup;
			children = (
				4C1221401C4A783D00EF235A /* SocialApp */,
				4C1221581C4A783E00EF235A /* SocialAppTests */,
				4C1221631C4A783E00EF235A /* SocialAppUITests */,
				4C12213F1C4A783D00EF235A /* Products */,
			);
			sourceTree = "<group>";
		};
		4C12213F1C4A783D00EF235A /* Products */ = {
			isa = PBXGroup;
			children = (
				4C12213E1C4A783D00EF235A /* SocialApp.app */,
				4C1221551C4A783E00EF235A /* SocialAppTests.xctest */,
				4C1221601C4A783E00EF235A /* SocialAppUITests.xctest */,
			);
			name = Products;
			sourceTree = "<group>";
		};
		4C1221401C4A783D00EF235A /* SocialApp */ = {
			isa = PBXGroup;
			children = (
				4C1221411C4A783D00EF235A /* AppDelegate.swift */,
				4C1221431C4A783D00EF235A /* ViewController.swift */,
				4C1221451C4A783D00EF235A /* Main.storyboard */,
				4C12214B1C4A783D00EF235A /* Assets.xcassets */,
				4C12214D1C4A783D00EF235A /* LaunchScreen.storyboard */,
				4C1221501C4A783D00EF235A /* Info.plist */,
				4C1221481C4A783D00EF235A /* SocialApp.xcdatamodeld */,
			);
			path = SocialApp;
			sourceTree = "<group>";
		};
		4C1221581C4A783E00EF235A /* SocialAppTests */ = {
			isa = PBXGroup;
			children = (
				4C1221591C4A783E00EF235A /* SocialAppTests.swift */,
				4C12215B1C4A783E00EF235A /* Info.plist */,
			);
			path = SocialAppTests;
			sourceTree = "<group>";
		};
		4C1221631C4A783E00EF235A /* SocialAppUITests */ = {
			isa = PBXGroup;
			children = (
				4C1221641C4A783E00EF235A /* SocialAppUITests.swift */,
				4C1221661C4A783E00EF235A /* Info.plist */,
			);
			path = SocialAppUITests;
			sourceTree = "<group>";
		};
/* End PBXGroup section */

/* Begin PBXNativeTarget section */
		4C12213D1C4A783D00EF235A /* SocialApp */ = {
			isa = PBXNativeTarget;
			buildConfigurationList = 4C1221691C4A783E00EF235A /* Build configuration list for PBXNativeTarget "SocialApp" */;
			buildPhases = (
				4C12213A1C4A783D00EF235A /* Sources */,
				4C12213B1C4A783D00EF235A /* Frameworks */,
				4C12213C1C4A783D00EF235A /* Resources */,
			);
			buildRules = (
			);
			dependencies = (
			);
			name = SocialApp;
			productName = SocialApp;
			productReference = 4C12213E1C4A783D00EF235A /* SocialApp.app */;
			productType = "com.apple.product-type.application";
		};
		4C1221541C4A783E00EF235A /* SocialAppTests */ = {
			isa = PBXNativeTarget;
			buildConfigurationList = 4C12216C1C4A783E00EF235A /* Build configuration list for PBXNativeTarget "SocialAppTests" */;
			buildPhases = (
				4C1221511C4A783E00EF235A /* Sources */,
				4C1221521C4A783E00EF235A /* Frameworks */,
				4C1221531C4A783E00EF235A /* Resources */,
			);
			buildRules = (
			);
			dependencies = (
				4C1221571C4A783E00EF235A /* PBXTargetDependency */,
			);
			name = SocialAppTests;
			productName = SocialAppTests;
			productReference = 4C1221551C4A783E00EF235A /* SocialAppTests.xctest */;
			productType = "com.apple.product-type.bundle.unit-test";
		};
		4C12215F1C4A783E00EF235A /* SocialAppUITests */ = {
			isa = PBXNativeTarget;
			buildConfigurationList = 4C12216F1C4A783E00EF235A /* Build configuration list for PBXNativeTarget "SocialAppUITests" */;
			buildPhases = (
				4C12215C1C4A783E00EF235A /* Sources */,
				4C12215D1C4A783E00EF235A /* Frameworks */,
				4C12215E1C4A783E00EF235A /* Resources */,
			);
			buildRules = (
			);
			dependencies = (
				4C1221621C4A783E00EF235A /* PBXTargetDependency */,
			);
			name = SocialAppUITests;
			productName = SocialAppUITests;
			productReference = 4C1221601C4A783E00EF235A /* SocialAppUITests.xctest */;
			productType = "com.apple.product-type.bundle.ui-testing";
		};
/* End PBXNativeTarget section */

/* Begin PBXProject section */
		4C1221361C4A783D00EF235A /* Project object */ = {
			isa = PBXProject;
			attributes = {
				LastSwiftUpdateCheck = 0710;
				LastUpgradeCheck = 0710;
				ORGANIZATIONNAME = "i-connect";
				TargetAttributes = {
					4C12213D1C4A783D00EF235A = {
						CreatedOnToolsVersion = 7.1.1;
					};
					4C1221541C4A783E00EF235A = {
						CreatedOnToolsVersion = 7.1.1;
						TestTargetID = 4C12213D1C4A783D00EF235A;
					};
					4C12215F1C4A783E00EF235A = {
						CreatedOnToolsVersion = 7.1.1;
						TestTargetID = 4C12213D1C4A783D00EF235A;
					};
				};
			};
			buildConfigurationList = 4C1221391C4A783D00EF235A /* Build configuration list for PBXProject "SocialApp" */;
			compatibilityVersion = "Xcode 3.2";
			developmentRegion = English;
			hasScannedForEncodings = 0;
			knownRegions = (
				en,
				Base,
			);
			mainGroup = 4C1221351C4A783D00EF235A;
			productRefGroup = 4C12213F1C4A783D00EF235A /* Products */;
			projectDirPath = "";
			projectRoot = "";
			targets = (
				4C12213D1C4A783D00EF235A /* SocialApp */,
				4C1221541C4A783E00EF235A /* SocialAppTests */,
				4C12215F1C4A783E00EF235A /* SocialAppUITests */,
			);
		};
/* End PBXProject section */

/* Begin PBXResourcesBuildPhase section */
		4C12213C1C4A783D00EF235A /* Resources */ = {
			isa = PBXResourcesBuildPhase;
			buildActionMask = 2147483647;
			files = (
				4C12214F1C4A783D00EF235A /* LaunchScreen.storyboard in Resources */,
				4C12214C1C4A783D00EF235A /* Assets.xcassets in Resources */,
				4C1221471C4A783D00EF235A /* Main.storyboard in Resources */,
			);
			runOnlyForDeploymentPostprocessing = 0;
		};
		4C1221531C4A783E00EF235A /* Resources */ = {
			isa = PBXResourcesBuildPhase;
			buildActionMask = 2147483647;
			files = (
			);
			runOnlyForDeploymentPostprocessing = 0;
		};
		4C12215E1C4A783E00EF235A /* Resources */ = {
			isa = PBXResourcesBuildPhase;
			buildActionMask = 2147483647;
			files = (
			);
			runOnlyForDeploymentPostprocessing = 0;
		};
/* End PBXResourcesBuildPhase section */

/* Begin PBXSourcesBuildPhase section */
		4C12213A1C4A783D00EF235A /* Sources */ = {
			isa = PBXSourcesBuildPhase;
			buildActionMask = 2147483647;
			files = (
				4C12214A1C4A783D00EF235A /* SocialApp.xcdatamodeld in Sources */,
				4C1221441C4A783D00EF235A /* ViewController.swift in Sources */,
				4C1221421C4A783D00EF235A /* AppDelegate.swift in Sources */,
			);
			runOnlyForDeploymentPostprocessing = 0;
		};
		4C1221511C4A783E00EF235A /* Sources */ = {
			isa = PBXSourcesBuildPhase;
			buildActionMask = 2147483647;
			files = (
				4C12215A1C4A783E00EF235A /* SocialAppTests.swift in Sources */,
			);
			runOnlyForDeploymentPostprocessing = 0;
		};
		4C12215C1C4A783E00EF235A /* Sources */ = {
			isa = PBXSourcesBuildPhase;
			buildActionMask = 2147483647;
			files = (
				4C1221651C4A783E00EF235A /* SocialAppUITests.swift in Sources */,
			);
			runOnlyForDeploymentPostprocessing = 0;
		};
/* End PBXSourcesBuildPhase section */

/* Begin PBXTargetDependency section */
		4C1221571C4A783E00EF235A /* PBXTargetDependency */ = {
			isa = PBXTargetDependency;
			target = 4C12213D1C4A783D00EF235A /* SocialApp */;
			targetProxy = 4C1221561C4A783E00EF235A /* PBXContainerItemProxy */;
		};
		4C1221621C4A783E00EF235A /* PBXTargetDependency */ = {
			isa = PBXTargetDependency;
			target = 4C12213D1C4A783D00EF235A /* SocialApp */;
			targetProxy = 4C1221611C4A783E00EF235A /* PBXContainerItemProxy */;
		};
/* End PBXTargetDependency section */

/* Begin PBXVariantGroup section */
		4C1221451C4A783D00EF235A /* Main.storyboard */ = {
			isa = PBXVariantGroup;
			children = (
				4C1221461C4A783D00EF235A /* Base */,
			);
			name = Main.storyboard;
			sourceTree = "<group>";
		};
		4C12214D1C4A783D00EF235A /* LaunchScreen.storyboard */ = {
			isa = PBXVariantGroup;
			children = (
				4C12214E1C4A783D00EF235A /* Base */,
			);
			name = LaunchScreen.storyboard;
			sourceTree = "<group>";
		};
/* End PBXVariantGroup section */

/* Begin XCBuildConfiguration section */
		4C1221671C4A783E00EF235A /* Debug */ = {
			isa = XCBuildConfiguration;
			buildSettings = {
				ALWAYS_SEARCH_USER_PATHS = NO;
				CLANG_CXX_LANGUAGE_STANDARD = "gnu++0x";
				CLANG_CXX_LIBRARY = "libc++";
				CLANG_ENABLE_MODULES = YES;
				CLANG_ENABLE_OBJC_ARC = YES;
				CLANG_WARN_BOOL_CONVERSION = YES;
				CLANG_WARN_CONSTANT_CONVERSION = YES;
				CLANG_WARN_DIRECT_OBJC_ISA_USAGE = YES_ERROR;
				CLANG_WARN_EMPTY_BODY = YES;
				CLANG_WARN_ENUM_CONVERSION = YES;
				CLANG_WARN_INT_CONVERSION = YES;
				CLANG_WARN_OBJC_ROOT_CLASS = YES_ERROR;
				CLANG_WARN_UNREACHABLE_CODE = YES;
				CLANG_WARN__DUPLICATE_METHOD_MATCH = YES;
				"CODE_SIGN_IDENTITY[sdk=iphoneos*]" = "iPhone Developer";
				COPY_PHASE_STRIP = NO;
				DEBUG_INFORMATION_FORMAT = dwarf;
				ENABLE_STRICT_OBJC_MSGSEND = YES;
				ENABLE_TESTABILITY = YES;
				GCC_C_LANGUAGE_STANDARD = gnu99;
				GCC_DYNAMIC_NO_PIC = NO;
				GCC_NO_COMMON_BLOCKS = YES;
				GCC_OPTIMIZATION_LEVEL = 0;
				GCC_PREPROCESSOR_DEFINITIONS = (
					"DEBUG=1",
					"$(inherited)",
				);
				GCC_WARN_64_TO_32_BIT_CONVERSION = YES;
				GCC_WARN_ABOUT_RETURN_TYPE = YES_ERROR;
				GCC_WARN_UNDECLARED_SELECTOR = YES;
				GCC_WARN_UNINITIALIZED_AUTOS = YES_AGGRESSIVE;
				GCC_WARN_UNUSED_FUNCTION = YES;
				GCC_WARN_UNUSED_VARIABLE = YES;
				IPHONEOS_DEPLOYMENT_TARGET = 9.1;
				MTL_ENABLE_DEBUG_INFO = YES;
				ONLY_ACTIVE_ARCH = YES;
				SDKROOT = iphoneos;
				SWIFT_OPTIMIZATION_LEVEL = "-Onone";
			};
			name = Debug;
		};
		4C1221681C4A783E00EF235A /* Release */ = {
			isa = XCBuildConfiguration;
			buildSettings = {
				ALWAYS_SEARCH_USER_PATHS = NO;
				CLANG_CXX_LANGUAGE_STANDARD = "gnu++0x";
				CLANG_CXX_LIBRARY = "libc++";
				CLANG_ENABLE_MODULES = YES;
				CLANG_ENABLE_OBJC_ARC = YES;
				CLANG_WARN_BOOL_CONVERSION = YES;
				CLANG_WARN_CONSTANT_CONVERSION = YES;
				CLANG_WARN_DIRECT_OBJC_ISA_USAGE = YES_ERROR;
				CLANG_WARN_EMPTY_BODY = YES;
				CLANG_WARN_ENUM_CONVERSION = YES;
				CLANG_WARN_INT_CONVERSION = YES;
				CLANG_WARN_OBJC_ROOT_CLASS = YES_ERROR;
				CLANG_WARN_UNREACHABLE_CODE = YES;
				CLANG_WARN__DUPLICATE_METHOD_MATCH = YES;
				"CODE_SIGN_IDENTITY[sdk=iphoneos*]" = "iPhone Developer";
				COPY_PHASE_STRIP = NO;
				DEBUG_INFORMATION_FORMAT = "dwarf-with-dsym";
				ENABLE_NS_ASSERTIONS = NO;
				ENABLE_STRICT_OBJC_MSGSEND = YES;
				GCC_C_LANGUAGE_STANDARD = gnu99;
				GCC_NO_COMMON_BLOCKS = YES;
				GCC_WARN_64_TO_32_BIT_CONVERSION = YES;
				GCC_WARN_ABOUT_RETURN_TYPE = YES_ERROR;
				GCC_WARN_UNDECLARED_SELECTOR = YES;
				GCC_WARN_UNINITIALIZED_AUTOS = YES_AGGRESSIVE;
				GCC_WARN_UNUSED_FUNCTION = YES;
				GCC_WARN_UNUSED_VARIABLE = YES;
				IPHONEOS_DEPLOYMENT_TARGET = 9.1;
				MTL_ENABLE_DEBUG_INFO = NO;
				SDKROOT = iphoneos;
				VALIDATE_PRODUCT = YES;
			};
			name = Release;
		};
		4C12216A1C4A783E00EF235A /* Debug */ = {
			isa = XCBuildConfiguration;
			buildSettings = {
				ASSETCATALOG_COMPILER_APPICON_NAME = AppIcon;
				INFOPLIST_FILE = SocialApp/Info.plist;
				LD_RUNPATH_SEARCH_PATHS = "$(inherited) @executable_path/Frameworks";
				PRODUCT_BUNDLE_IDENTIFIER = "i-connect.SocialApp";
				PRODUCT_NAME = "$(TARGET_NAME)";
			};
			name = Debug;
		};
		4C12216B1C4A783E00EF235A /* Release */ = {
			isa = XCBuildConfiguration;
			buildSettings = {
				ASSETCATALOG_COMPILER_APPICON_NAME = AppIcon;
				INFOPLIST_FILE = SocialApp/Info.plist;
				LD_RUNPATH_SEARCH_PATHS = "$(inherited) @executable_path/Frameworks";
				PRODUCT_BUNDLE_IDENTIFIER = "i-connect.SocialApp";
				PRODUCT_NAME = "$(TARGET_NAME)";
			};
			name = Release;
		};
		4C12216D1C4A783E00EF235A /* Debug */ = {
			isa = XCBuildConfiguration;
			buildSettings = {
				BUNDLE_LOADER = "$(TEST_HOST)";
				INFOPLIST_FILE = SocialAppTests/Info.plist;
				LD_RUNPATH_SEARCH_PATHS = "$(inherited) @executable_path/Frameworks @loader_path/Frameworks";
				PRODUCT_BUNDLE_IDENTIFIER = "i-connect.SocialAppTests";
				PRODUCT_NAME = "$(TARGET_NAME)";
				TEST_HOST = "$(BUILT_PRODUCTS_DIR)/SocialApp.app/SocialApp";
			};
			name = Debug;
		};
		4C12216E1C4A783E00EF235A /* Release */ = {
			isa = XCBuildConfiguration;
			buildSettings = {
				BUNDLE_LOADER = "$(TEST_HOST)";
				INFOPLIST_FILE = SocialAppTests/Info.plist;
				LD_RUNPATH_SEARCH_PATHS = "$(inherited) @executable_path/Frameworks @loader_path/Frameworks";
				PRODUCT_BUNDLE_IDENTIFIER = "i-connect.SocialAppTests";
				PRODUCT_NAME = "$(TARGET_NAME)";
				TEST_HOST = "$(BUILT_PRODUCTS_DIR)/SocialApp.app/SocialApp";
			};
			name = Release;
		};
		4C1221701C4A783E00EF235A /* Debug */ = {
			isa = XCBuildConfiguration;
			buildSettings = {
				INFOPLIST_FILE = SocialAppUITests/Info.plist;
				LD_RUNPATH_SEARCH_PATHS = "$(inherited) @executable_path/Frameworks @loader_path/Frameworks";
				PRODUCT_BUNDLE_IDENTIFIER = "i-connect.SocialAppUITests";
				PRODUCT_NAME = "$(TARGET_NAME)";
				TEST_TARGET_NAME = SocialApp;
				USES_XCTRUNNER = YES;
			};
			name = Debug;
		};
		4C1221711C4A783E00EF235A /* Release */ = {
			isa = XCBuildConfiguration;
			buildSettings = {
				INFOPLIST_FILE = SocialAppUITests/Info.plist;
				LD_RUNPATH_SEARCH_PATHS = "$(inherited) @executable_path/Frameworks @loader_path/Frameworks";
				PRODUCT_BUNDLE_IDENTIFIER = "i-connect.SocialAppUITests";
				PRODUCT_NAME = "$(TARGET_NAME)";
				TEST_TARGET_NAME = SocialApp;
				USES_XCTRUNNER = YES;
			};
			name = Release;
		};
/* End XCBuildConfiguration section */

/* Begin XCConfigurationList section */
		4C1221391C4A783D00EF235A /* Build configuration list for PBXProject "SocialApp" */ = {
			isa = XCConfigurationList;
			buildConfigurations = (
				4C1221671C4A783E00EF235A /* Debug */,
				4C1221681C4A783E00EF235A /* Release */,
			);
			defaultConfigurationIsVisible = 0;
			defaultConfigurationName = Release;
		};
		4C1221691C4A783E00EF235A /* Build configuration list for PBXNativeTarget "SocialApp" */ = {
			isa = XCConfigurationList;
			buildConfigurations = (
				4C12216A1C4A783E00EF235A /* Debug */,
				4C12216B1C4A783E00EF235A /* Release */,
			);
			defaultConfigurationIsVisible = 0;
		};
		4C12216C1C4A783E00EF235A /* Build configuration list for PBXNativeTarget "SocialAppTests" */ = {
			isa = XCConfigurationList;
			buildConfigurations = (
				4C12216D1C4A783E00EF235A /* Debug */,
				4C12216E1C4A783E00EF235A /* Release */,
			);
			defaultConfigurationIsVisible = 0;
		};
		4C12216F1C4A783E00EF235A /* Build configuration list for PBXNativeTarget "SocialAppUITests" */ = {
			isa = XCConfigurationList;
			buildConfigurations = (
				4C1221701C4A783E00EF235A /* Debug */,
				4C1221711C4A783E00EF235A /* Release */,
			);
			defaultConfigurationIsVisible = 0;
		};
/* End XCConfigurationList section */

/* Begin XCVersionGroup section */
		4C1221481C4A783D00EF235A /* SocialApp.xcdatamodeld */ = {
			isa = XCVersionGroup;
			children = (
				4C1221491C4A783D00EF235A /* SocialApp.xcdatamodel */,
			);
			currentVersion = 4C1221491C4A783D00EF235A /* SocialApp.xcdatamodel */;
			path = SocialApp.xcdatamodeld;
			sourceTree = "<group>";
			versionGroupType = wrapper.xcdatamodel;
		};
/* End XCVersionGroup section */
	};
	rootObject = 4C1221361C4A783D00EF235A /* Project object */;
}
